{
    "_meta": {
        "hash": {
            "sha256": "f7698ebed0519689b0aadb858fb348edbc6d67d93c3d5529a941c09b7b5917cc"
        },
        "pipfile-spec": 6,
        "requires": {
            "python_version": "3.6"
        },
        "sources": [
            {
                "name": "pypi",
                "url": "https://pypi.org/simple",
                "verify_ssl": true
            }
        ]
    },
    "default": {
        "beautifulsoup4": {
            "hashes": [
                "sha256:034740f6cb549b4e932ae1ab975581e6103ac8f942200a0e9759065984391858",
                "sha256:945065979fb8529dd2f37dbb58f00b661bdbcbebf954f93b32fdf5263ef35348",
                "sha256:ba6d5c59906a85ac23dadfe5c88deaf3e179ef565f4898671253e50a78680718"
            ],
            "index": "pypi",
            "version": "==4.7.1"
        },
        "click": {
            "hashes": [
                "sha256:2335065e6395b9e67ca716de5f7526736bfa6ceead690adf616d925bdc622b13",
                "sha256:5b94b49521f6456670fdb30cd82a4eca9412788a93fa6dd6df72c94d5a8ff2d7"
            ],
            "version": "==7.0"
        },
        "monkeytype": {
            "hashes": [
                "sha256:baeeee422c17202038ccf17ca73eb97eddb65a4178a215c1ff212cfb7373eb65",
                "sha256:ecee4162a153c8a0d2151dfc66f06ebb82e4582b0d46281798d908888bb0c9b9"
            ],
            "index": "pypi",
            "version": "==19.1.1"
        },
        "pathspec": {
            "hashes": [
                "sha256:e285ccc8b0785beadd4c18e5708b12bb8fcf529a1e61215b3feff1d1e559ea5c"
            ],
            "version": "==0.6.0"
        },
        "pudb": {
            "hashes": [
                "sha256:8d8b974641b7a7a2a721af01c9dce5eac8e05a2ceebc2680725ba8eef1ca876e"
            ],
            "index": "pypi",
            "version": "==2018.1"
        },
        "pygments": {
            "hashes": [
                "sha256:2a3fe295e54a20164a9df49c75fa58526d3be48e14aceba6d6b1e8ac0bfd6f1b",
                "sha256:98c8aa5a9f778fcd1026a17361ddaf7330d1b7c62ae97c3bb0ae73e0b9b6b0fe"
            ],
            "version": "==2.5.2"
        },
        "retype": {
            "hashes": [
                "sha256:7d033b115f66e5327dea0a3fd7c9a3dbfa53841575daf27ce2ce409956d901d4",
                "sha256:846fd135d3ee33c1bad387602a405d808cb99a9a7a47299bfd0e1d25dfb2fedd"
            ],
            "version": "==19.9.0"
        },
        "soupsieve": {
            "hashes": [
                "sha256:bdb0d917b03a1369ce964056fc195cfdff8819c40de04695a80bc813c3cfa1f5",
                "sha256:e2c1c5dee4a1c36bcb790e0fabd5492d874b8ebd4617622c4f6a731701060dda"
            ],
            "version": "==1.9.5"
        },
        "typed-ast": {
            "hashes": [
                "sha256:01afc9431f6a3285232915dcbff935937f0271196ed9b52f710bfe6013630554",
                "sha256:1755020d865dd621393d0453a93530e87c091aef7564189b945eee86a34df617",
                "sha256:1d9549f424d59742a4a598a4b23393e2771e32ba8c6ab2655ca186673eacbcc4",
                "sha256:23083f23c44782e6849cb58e8a8c113597fd46120209f34a2a5891384645cc56",
                "sha256:244bc007c2da0750e323657da76dab686327939fe4ff77b23ce49a01b0a85da7",
                "sha256:2c4a37edd1cd2b01aba51c2b92eb5b330cf5789e2484a42dd04a7795695450a2",
                "sha256:6a338cd66cb4cb1f5477d36d363d6fdfe8a552a2b0a485a36f1857ae79a6a0c7",
                "sha256:731f448d6dd9f055d7efd948e497c48d6a5aa681a16703ef1cd1f8023b180db3",
                "sha256:9371921a5fc80e553d4a22fc4509ae543b157215d3a936f8fc649723d66305c2",
                "sha256:9401857bf5eef5c2fe040a6dce5b3b41df7234dfbcb37585ca32aaa49283ab57",
                "sha256:b549870747445aeb6596c7b0be22a127d7e2ff5293be56283ed64dfce8238546",
                "sha256:bc4a61473c78d5f1b67c67f8504b7433d3ef1bc6e1c6a89e7c583ba1c8b9e6ee",
                "sha256:be981e1f1a205721df63e8a3d8f46d18f3fcfa5a5b7394d95d253fff3594e059",
                "sha256:c924149ae964d0379322121868c34c1580cc7054374daac27d97652d69af9973",
                "sha256:c98a849da29147e7160d84011764a23bca8c3c3b4e7568bf172fdf6147d40e25",
                "sha256:cca01d308c725013e555db9413ab4046323e9685f6fa67555f98f08cb4849200",
                "sha256:d13420d91ce835fe3a8fdfd096f0ca71bf5f47761c10ba893d31f99564650e6b",
                "sha256:d4cdcf7d0a37ebde934ec91e691c638c0272a310fbdb31a51757436a5bd58967",
                "sha256:fcfc4869bcd15eb7b90baceb50bfaf1cdfea4a9c2bfa50db17114c6665ca835e"
            ],
            "index": "pypi",
            "version": "==1.3.2"
        },
        "urwid": {
            "hashes": [
                "sha256:0896f36060beb6bf3801cb554303fef336a79661401797551ba106d23ab4cd86"
            ],
            "version": "==2.1.0"
        }
    },
    "develop": {}
}
